schema: '2.0'
stages:
  data_ingestion:
    cmd: python src/dataload.py
    deps:
    - path: src/dataload.py
      hash: md5
      md5: ae6a7c8eabca17cc4ebda62b84a26c56
      size: 3482
    params:
      params.yaml:
        data load.test_size: 0.3
    outs:
    - path: data/raw
      hash: md5
      md5: 6b81ba337ff6494f69ae6753f6069ec4.dir
      size: 24125
      nfiles: 2
  data_preprocessing:
    cmd: python src/data_preprocessing.py
    deps:
    - path: data/raw
      hash: md5
      md5: 6b81ba337ff6494f69ae6753f6069ec4.dir
      size: 24125
      nfiles: 2
    - path: src/data_preprocessing.py
      hash: md5
      md5: cf1f196d30602497b3e40342ed9d292e
      size: 3814
    outs:
    - path: data/interim
      hash: md5
      md5: 19ed03906b1259000b512b1225fad3fe.dir
      size: 103431
      nfiles: 2
  model_building:
    cmd: python src/model.py
    deps:
    - path: data/interim
      hash: md5
      md5: 19ed03906b1259000b512b1225fad3fe.dir
      size: 103431
      nfiles: 2
    - path: src/model.py
      hash: md5
      md5: c06b13493bf6e00509dc59d63c0caff9
      size: 3582
    params:
      params.yaml:
        model_building.n_estimators: 50
        model_building.random_state: 2
    outs:
    - path: model/model.pkl
      hash: md5
      md5: f63646c980d3a98c58cd7b4aefc9e155
      size: 1217600
  model_evaluation:
    cmd: python src/model_evaluation.py
    deps:
    - path: model/model.pkl
      hash: md5
      md5: f63646c980d3a98c58cd7b4aefc9e155
      size: 1217600
    - path: src/model_evaluation.py
      hash: md5
      md5: 9108d9c5d050449834031176b829b2e5
      size: 3625
    outs:
    - path: reports/metrics.json
      hash: md5
      md5: a2083cfcf28433fca361a529c3025724
      size: 144
