schema: '2.0'
stages:
  data_ingestion:
    cmd: python src/dataload.py
    deps:
    - path: src/dataload.py
      hash: md5
      md5: 5d54004623d870e422d765fe63bc8744
      size: 2819
    outs:
    - path: data/raw
      hash: md5
      md5: 6b81ba337ff6494f69ae6753f6069ec4.dir
      size: 24125
      nfiles: 2
  data_preprocessing:
    cmd: python src/data_preprocessing.py
    deps:
    - path: data/raw
      hash: md5
      md5: 6b81ba337ff6494f69ae6753f6069ec4.dir
      size: 24125
      nfiles: 2
    - path: src/data_preprocessing.py
      hash: md5
      md5: cf1f196d30602497b3e40342ed9d292e
      size: 3814
    outs:
    - path: data/interim
      hash: md5
      md5: 19ed03906b1259000b512b1225fad3fe.dir
      size: 103431
      nfiles: 2
  model_building:
    cmd: python src/model.py
    deps:
    - path: data/interim
      hash: md5
      md5: 19ed03906b1259000b512b1225fad3fe.dir
      size: 103431
      nfiles: 2
    - path: src/model.py
      hash: md5
      md5: d7d1173c8da5b622fc3207c5882df512
      size: 3538
    outs:
    - path: model/model.pkl
      hash: md5
      md5: d31c2bc99b0d85e1d2a62980fe13ea0b
      size: 612819
  model_evaluation:
    cmd: python src/model_evaluation.py
    deps:
    - path: model/model.pkl
      hash: md5
      md5: d31c2bc99b0d85e1d2a62980fe13ea0b
      size: 612819
    - path: src/model_evaluation.py
      hash: md5
      md5: 9108d9c5d050449834031176b829b2e5
      size: 3625
    outs:
    - path: reports/metrics.json
      hash: md5
      md5: 6d3c310774ce7e3efc83655562ddda07
      size: 145
